
Microsoft Visual Studio Solution File, Format Version 12.00
# Visual Studio Version 16
VisualStudioVersion = 16.0.30709.132
MinimumVisualStudioVersion = 10.0.40219.1
Project("{9A19103F-16F7-4668-BE54-9A1E7A4F7556}") = "Bank", "Bank\Bank.csproj", "{9636CCF9-0EC5-4DE5-9D74-07D53DE6BDB0}"
EndProject
Project("{9A19103F-16F7-4668-BE54-9A1E7A4F7556}") = "Logger", "Logger\Logger.csproj", "{CE3A320F-D5F6-4340-816A-F2137D6B2404}"
EndProject
Project("{9A19103F-16F7-4668-BE54-9A1E7A4F7556}") = "Parsers", "Parser\Parsers.csproj", "{78E261E7-BC6A-4005-B87B-43816BEDF462}"
EndProject
Project("{9A19103F-16F7-4668-BE54-9A1E7A4F7556}") = "Config", "Config\Config.csproj", "{6AEF1C53-EA42-4CB2-81C5-C46641340860}"
EndProject
Project("{9A19103F-16F7-4668-BE54-9A1E7A4F7556}") = "UnitTest", "UnitTest\UnitTest.csproj", "{D5900290-19AB-474D-BC63-8FC395ACC529}"
EndProject
Project("{9A19103F-16F7-4668-BE54-9A1E7A4F7556}") = "DbContex", "DbContex\DbContex.csproj", "{83770AEC-53FF-4933-B200-DE460267BEEB}"
EndProject
Project("{9A19103F-16F7-4668-BE54-9A1E7A4F7556}") = "Convector", "Convector\Convector.csproj", "{0C1AA7A9-165B-483C-B81B-63E2529D7D54}"
EndProject
Project("{FAE04EC0-301F-11D3-BF4B-00C04F79EFBC}") = "InloaderXmlXmls", "InloaderXmlXmls\InloaderXmlXmls.csproj", "{848FDCC0-F75A-45D3-AA53-9B5A1D9FCEE7}"
EndProject
Global
	GlobalSection(SolutionConfigurationPlatforms) = preSolution
		Debug|Any CPU = Debug|Any CPU
		Release|Any CPU = Release|Any CPU
	EndGlobalSection
	GlobalSection(ProjectConfigurationPlatforms) = postSolution
		{9636CCF9-0EC5-4DE5-9D74-07D53DE6BDB0}.Debug|Any CPU.ActiveCfg = Debug|Any CPU
		{9636CCF9-0EC5-4DE5-9D74-07D53DE6BDB0}.Debug|Any CPU.Build.0 = Debug|Any CPU
		{9636CCF9-0EC5-4DE5-9D74-07D53DE6BDB0}.Release|Any CPU.ActiveCfg = Release|Any CPU
		{9636CCF9-0EC5-4DE5-9D74-07D53DE6BDB0}.Release|Any CPU.Build.0 = Release|Any CPU
		{CE3A320F-D5F6-4340-816A-F2137D6B2404}.Debug|Any CPU.ActiveCfg = Debug|Any CPU
		{CE3A320F-D5F6-4340-816A-F2137D6B2404}.Debug|Any CPU.Build.0 = Debug|Any CPU
		{CE3A320F-D5F6-4340-816A-F2137D6B2404}.Release|Any CPU.ActiveCfg = Release|Any CPU
		{CE3A320F-D5F6-4340-816A-F2137D6B2404}.Release|Any CPU.Build.0 = Release|Any CPU
		{78E261E7-BC6A-4005-B87B-43816BEDF462}.Debug|Any CPU.ActiveCfg = Debug|Any CPU
		{78E261E7-BC6A-4005-B87B-43816BEDF462}.Debug|Any CPU.Build.0 = Debug|Any CPU
		{78E261E7-BC6A-4005-B87B-43816BEDF462}.Release|Any CPU.ActiveCfg = Release|Any CPU
		{78E261E7-BC6A-4005-B87B-43816BEDF462}.Release|Any CPU.Build.0 = Release|Any CPU
		{6AEF1C53-EA42-4CB2-81C5-C46641340860}.Debug|Any CPU.ActiveCfg = Debug|Any CPU
		{6AEF1C53-EA42-4CB2-81C5-C46641340860}.Debug|Any CPU.Build.0 = Debug|Any CPU
		{6AEF1C53-EA42-4CB2-81C5-C46641340860}.Release|Any CPU.ActiveCfg = Release|Any CPU
		{6AEF1C53-EA42-4CB2-81C5-C46641340860}.Release|Any CPU.Build.0 = Release|Any CPU
		{D5900290-19AB-474D-BC63-8FC395ACC529}.Debug|Any CPU.ActiveCfg = Debug|Any CPU
		{D5900290-19AB-474D-BC63-8FC395ACC529}.Debug|Any CPU.Build.0 = Debug|Any CPU
		{D5900290-19AB-474D-BC63-8FC395ACC529}.Release|Any CPU.ActiveCfg = Release|Any CPU
		{D5900290-19AB-474D-BC63-8FC395ACC529}.Release|Any CPU.Build.0 = Release|Any CPU
		{83770AEC-53FF-4933-B200-DE460267BEEB}.Debug|Any CPU.ActiveCfg = Debug|Any CPU
		{83770AEC-53FF-4933-B200-DE460267BEEB}.Debug|Any CPU.Build.0 = Debug|Any CPU
		{83770AEC-53FF-4933-B200-DE460267BEEB}.Release|Any CPU.ActiveCfg = Release|Any CPU
		{83770AEC-53FF-4933-B200-DE460267BEEB}.Release|Any CPU.Build.0 = Release|Any CPU
		{0C1AA7A9-165B-483C-B81B-63E2529D7D54}.Debug|Any CPU.ActiveCfg = Debug|Any CPU
		{0C1AA7A9-165B-483C-B81B-63E2529D7D54}.Debug|Any CPU.Build.0 = Debug|Any CPU
		{0C1AA7A9-165B-483C-B81B-63E2529D7D54}.Release|Any CPU.ActiveCfg = Release|Any CPU
		{0C1AA7A9-165B-483C-B81B-63E2529D7D54}.Release|Any CPU.Build.0 = Release|Any CPU
		{848FDCC0-F75A-45D3-AA53-9B5A1D9FCEE7}.Debug|Any CPU.ActiveCfg = Debug|Any CPU
		{848FDCC0-F75A-45D3-AA53-9B5A1D9FCEE7}.Debug|Any CPU.Build.0 = Debug|Any CPU
		{848FDCC0-F75A-45D3-AA53-9B5A1D9FCEE7}.Release|Any CPU.ActiveCfg = Release|Any CPU
		{848FDCC0-F75A-45D3-AA53-9B5A1D9FCEE7}.Release|Any CPU.Build.0 = Release|Any CPU
	EndGlobalSection
	GlobalSection(SolutionProperties) = preSolution
		HideSolutionNode = FALSE
	EndGlobalSection
	GlobalSection(ExtensibilityGlobals) = postSolution
		SolutionGuid = {76D34D92-4FC9-41B8-92B8-C39F6908B3BE}
	EndGlobalSection
EndGlobal
